{
  "name": "capnp-js-test",
  "version": "1.0.0",
  "lockfileVersion": 1,
  "requires": true,
  "dependencies": {
    "capnp-jcm": {
      "version": "0.12.0",
      "resolved": "https://registry.npmjs.org/capnp-jcm/-/capnp-jcm-0.12.0.tgz",
      "integrity": "sha512-T5Tmo0SISKnVhQ1Hw2DJgO6LXQ20cpnMuBXiY6IxP4RqVPF594Hq69fcbk+iGxRJDXltg+Lf/5ApllfYAI54KQ=="
    }
  }
}
